
Microsoft Visual Studio Solution File, Format Version 12.00
# Visual Studio 2013
VisualStudioVersion = 12.0.31101.0
MinimumVisualStudioVersion = 10.0.40219.1
Project("{F2A71F9B-5D33-465A-A702-920D77279786}") = "MainFsharp", "MainFsharp.fsproj", "{B9AF68AC-6020-4532-A33C-AA99474DA9E7}"
EndProject
Project("{F2A71F9B-5D33-465A-A702-920D77279786}") = "MyUserControl", "UserControl\MyUserControl.fsproj", "{678A51EB-D4C1-48A8-9E20-0B88CC2EDE12}"
EndProject
Global
	GlobalSection(TeamFoundationVersionControl) = preSolution
		SccNumberOfProjects = 1
		SccEnterpriseProvider = {4CA58AB2-18FA-4F8D-95D4-32DDF27D184C}
		SccTeamFoundationServer = https://anotherpart.visualstudio.com/defaultcollection
		SccProjectUniqueName0 = MainFsharp.fsproj
		SccProjectName0 = .
		SccAuxPath0 = https://anotherpart.visualstudio.com/defaultcollection
		SccLocalPath0 = .
		SccProvider0 = {4CA58AB2-18FA-4F8D-95D4-32DDF27D184C}
	EndGlobalSection
	GlobalSection(SolutionConfigurationPlatforms) = preSolution
		Debug|Any CPU = Debug|Any CPU
		Release|Any CPU = Release|Any CPU
	EndGlobalSection
	GlobalSection(ProjectConfigurationPlatforms) = postSolution
		{B9AF68AC-6020-4532-A33C-AA99474DA9E7}.Debug|Any CPU.ActiveCfg = Debug|Any CPU
		{B9AF68AC-6020-4532-A33C-AA99474DA9E7}.Debug|Any CPU.Build.0 = Debug|Any CPU
		{B9AF68AC-6020-4532-A33C-AA99474DA9E7}.Release|Any CPU.ActiveCfg = Release|Any CPU
		{B9AF68AC-6020-4532-A33C-AA99474DA9E7}.Release|Any CPU.Build.0 = Release|Any CPU
		{678A51EB-D4C1-48A8-9E20-0B88CC2EDE12}.Debug|Any CPU.ActiveCfg = Debug|Any CPU
		{678A51EB-D4C1-48A8-9E20-0B88CC2EDE12}.Debug|Any CPU.Build.0 = Debug|Any CPU
		{678A51EB-D4C1-48A8-9E20-0B88CC2EDE12}.Release|Any CPU.ActiveCfg = Release|Any CPU
		{678A51EB-D4C1-48A8-9E20-0B88CC2EDE12}.Release|Any CPU.Build.0 = Release|Any CPU
	EndGlobalSection
	GlobalSection(SolutionProperties) = preSolution
		HideSolutionNode = FALSE
	EndGlobalSection
EndGlobal
